{
  "version": 4,
  "terraform_version": "1.12.2",
  "serial": 3,
  "lineage": "e98f7758-b850-8435-d763-24059ef32d5f",
  "outputs": {},
  "resources": [
    {
      "mode": "managed",
      "type": "local_file",
      "name": "pet",
      "provider": "provider[\"registry.terraform.io/hashicorp/local\"]",
      "instances": [
        {
          "index_key": "cats.txt",
          "schema_version": 0,
          "attributes": {
            "content": "I am cat",
            "content_base64": null,
            "content_base64sha256": "zuooxoSye/7lhROjuBpDEOQ9tatUs5/P17QtejmZqiU=",
            "content_base64sha512": "y5IzAX7ouzv5Gi7RkG1aeHezLlyd4mI/gym4Mz04QyeuU81AVf6QutfdkehCYa2ksCpHcg6fTfzm4s8utvbNrA==",
            "content_md5": "b40886a4368dcdcdfc537bceea2d2e62",
            "content_sha1": "5481ed749ee8f65d78ad4c088476165fb2f99dc8",
            "content_sha256": "ceea28c684b27bfee58513a3b81a4310e43db5ab54b39fcfd7b42d7a3999aa25",
            "content_sha512": "cb9233017ee8bb3bf91a2ed1906d5a7877b32e5c9de2623f8329b8333d384327ae53cd4055fe90bad7dd91e84261ada4b02a47720e9f4dfce6e2cf2eb6f6cdac",
            "directory_permission": "0777",
            "file_permission": "0777",
            "filename": "cats.txt",
            "id": "5481ed749ee8f65d78ad4c088476165fb2f99dc8",
            "sensitive_content": null,
            "source": null
          },
          "sensitive_attributes": [
            [
              {
                "type": "get_attr",
                "value": "sensitive_content"
              }
            ]
          ],
          "identity_schema_version": 0
        },
        {
          "index_key": "dogs.txt",
          "schema_version": 0,
          "attributes": {
            "content": "I am dog",
            "content_base64": null,
            "content_base64sha256": "Nu0x11iQSmDkp4pfZKniOJt0DRCEkm59Uf4iDUAcKS0=",
            "content_base64sha512": "av4aNkDygZDouqUUCzfXkuHzRzXy+ngSR2GjlShYHgvoT4cv7rtblK/5cyNpqfTD7bAcoUwhestfueAEzm/PBw==",
            "content_md5": "fb80eb3fa16f99679553f3905ed34d5b",
            "content_sha1": "0650b25aa42303f5b88a388147ceed787a6c6450",
            "content_sha256": "36ed31d758904a60e4a78a5f64a9e2389b740d1084926e7d51fe220d401c292d",
            "content_sha512": "6afe1a3640f28190e8baa5140b37d792e1f34735f2fa78124761a39528581e0be84f872feebb5b94aff9732369a9f4c3edb01ca14c217acb5fb9e004ce6fcf07",
            "directory_permission": "0777",
            "file_permission": "0777",
            "filename": "dogs.txt",
            "id": "0650b25aa42303f5b88a388147ceed787a6c6450",
            "sensitive_content": null,
            "source": null
          },
          "sensitive_attributes": [
            [
              {
                "type": "get_attr",
                "value": "sensitive_content"
              }
            ]
          ],
          "identity_schema_version": 0
        },
        {
          "index_key": "pigs.txt",
          "schema_version": 0,
          "attributes": {
            "content": "I am pig",
            "content_base64": null,
            "content_base64sha256": "XWnMevmTalONyy1NrYHI8qO2ODD+S9RpJepclyp0Aa0=",
            "content_base64sha512": "mJS6XaF4I0nlPUwa96J6X870MVBk21NW7+gpu7ng75RZ8WK8u8XgxRmXfn9+LrEj066LuAaX+vxA/UhqGEHi/Q==",
            "content_md5": "78eebaeb0869f2673e95b60800059c2d",
            "content_sha1": "2397e609da6d438a0c517c5f9a149fe4af840601",
            "content_sha256": "5d69cc7af9936a538dcb2d4dad81c8f2a3b63830fe4bd46925ea5c972a7401ad",
            "content_sha512": "9894ba5da1782349e53d4c1af7a27a5fcef4315064db5356efe829bbb9e0ef9459f162bcbbc5e0c519977e7f7e2eb123d3ae8bb80697fafc40fd486a1841e2fd",
            "directory_permission": "0777",
            "file_permission": "0777",
            "filename": "pigs.txt",
            "id": "2397e609da6d438a0c517c5f9a149fe4af840601",
            "sensitive_content": null,
            "source": null
          },
          "sensitive_attributes": [
            [
              {
                "type": "get_attr",
                "value": "sensitive_content"
              }
            ]
          ],
          "identity_schema_version": 0
        }
      ]
    }
  ],
  "check_results": null
}
